
Microsoft Visual Studio Solution File, Format Version 12.00
Project("{FAE04EC0-301F-11D3-BF4B-00C04F79EFBC}") = "SocialSiteWithoutMVC", "SocialSiteWithoutMVC\SocialSiteWithoutMVC.csproj", "{C92419A1-1F0E-422F-9D1E-2AE6F93913CD}"
EndProject
Project("{FAE04EC0-301F-11D3-BF4B-00C04F79EFBC}") = "SocialSiteWithoutMVC.BusinessLogic", "SocialSiteWithoutMVC.BusinessLogic\SocialSiteWithoutMVC.BusinessLogic.csproj", "{91AF9B12-3CA3-4ED2-86F6-51E4B1577CA3}"
EndProject
Project("{FAE04EC0-301F-11D3-BF4B-00C04F79EFBC}") = "SocialSiteWithoutMVC.DataAccessLayer", "SocialSiteWithoutMVC.DataAccessLayer\SocialSiteWithoutMVC.DataAccessLayer.csproj", "{1DD98C8B-A1D8-471E-9F16-1DD94494C412}"
EndProject
Project("{2150E333-8FDC-42A3-9474-1A3956D46DE8}") = "SolutionItems", "SolutionItems", "{DCCF26F4-1C14-4248-979F-2624896EDFDA}"
	ProjectSection(SolutionItems) = preProject
		Dockerfile = Dockerfile
	EndProjectSection
EndProject
Global
	GlobalSection(SolutionConfigurationPlatforms) = preSolution
		Debug|Any CPU = Debug|Any CPU
		Release|Any CPU = Release|Any CPU
	EndGlobalSection
	GlobalSection(ProjectConfigurationPlatforms) = postSolution
		{C92419A1-1F0E-422F-9D1E-2AE6F93913CD}.Debug|Any CPU.ActiveCfg = Debug|Any CPU
		{C92419A1-1F0E-422F-9D1E-2AE6F93913CD}.Debug|Any CPU.Build.0 = Debug|Any CPU
		{C92419A1-1F0E-422F-9D1E-2AE6F93913CD}.Release|Any CPU.ActiveCfg = Release|Any CPU
		{C92419A1-1F0E-422F-9D1E-2AE6F93913CD}.Release|Any CPU.Build.0 = Release|Any CPU
		{91AF9B12-3CA3-4ED2-86F6-51E4B1577CA3}.Debug|Any CPU.ActiveCfg = Debug|Any CPU
		{91AF9B12-3CA3-4ED2-86F6-51E4B1577CA3}.Debug|Any CPU.Build.0 = Debug|Any CPU
		{91AF9B12-3CA3-4ED2-86F6-51E4B1577CA3}.Release|Any CPU.ActiveCfg = Release|Any CPU
		{91AF9B12-3CA3-4ED2-86F6-51E4B1577CA3}.Release|Any CPU.Build.0 = Release|Any CPU
		{1DD98C8B-A1D8-471E-9F16-1DD94494C412}.Debug|Any CPU.ActiveCfg = Debug|Any CPU
		{1DD98C8B-A1D8-471E-9F16-1DD94494C412}.Debug|Any CPU.Build.0 = Debug|Any CPU
		{1DD98C8B-A1D8-471E-9F16-1DD94494C412}.Release|Any CPU.ActiveCfg = Release|Any CPU
		{1DD98C8B-A1D8-471E-9F16-1DD94494C412}.Release|Any CPU.Build.0 = Release|Any CPU
	EndGlobalSection
EndGlobal
